PODS:
  - Bolts (1.1.1)
  - Facebook-iOS-SDK (3.16.2):
    - Bolts
  - Heap (1.2.1)
  - InboxKit (0.0.2)
  - Parse (1.2.20):
    - Facebook-iOS-SDK (~> 3.11)
  - TTTAttributedLabel (1.10.1)

DEPENDENCIES:
  - Heap
  - InboxKit
  - Parse
  - TTTAttributedLabel

SPEC CHECKSUMS:
  Bolts: 0ca796081c3e7c139bd86d6903c27f1b83036a5d
  Facebook-iOS-SDK: 34eef640c2cc4c8618ba0f574ad2b290e07f1b4e
  Heap: 97491a80c0d1fc8be6df359bb0cf9122a89cacb9
  InboxKit: 7c44ab7c3bc71111708d17f7705d90602f76ffb4
  Parse: 28c0dc54f30201a369d29a2f76c09fa43b2add16
  TTTAttributedLabel: 94bb04f1e005616002dd2cee0262a0082e533627

COCOAPODS: 0.33.1
