// !$*UTF8*$!
{
	archiveVersion = 1;
	classes = {
	};
	objectVersion = 46;
	objects = {

/* Begin PBXBuildFile section */
		4B01B03E19A4D303007C0975 /* ComposeMessageInputView.m in Sources */ = {isa = PBXBuildFile; fileRef = 4B01B03D19A4D303007C0975 /* ComposeMessageInputView.m */; };
		4B11DE34199B93EA0047C4D9 /* AttachmentView.m in Sources */ = {isa = PBXBuildFile; fileRef = 4B11DE33199B93EA0047C4D9 /* AttachmentView.m */; };
		4B2286E819828B9F00185F9C /* MessageHeaderView.m in Sources */ = {isa = PBXBuildFile; fileRef = 4B2286E719828B9F00185F9C /* MessageHeaderView.m */; };
		4B29FEA21982B3C400800111 /* SkinProvider.m in Sources */ = {isa = PBXBuildFile; fileRef = 4B29FEA11982B3C400800111 /* SkinProvider.m */; };
		4B2BFA2419A22D350081F597 /* NumMessagesInThreadView.m in Sources */ = {isa = PBXBuildFile; fileRef = 4B2BFA2319A22D350081F597 /* NumMessagesInThreadView.m */; };
		4B2F507B197BB796000ADF06 /* MessagesTableViewController.m in Sources */ = {isa = PBXBuildFile; fileRef = 4B2F507A197BB796000ADF06 /* MessagesTableViewController.m */; };
		4B2F507E197BC983000ADF06 /* MessageViewController.m in Sources */ = {isa = PBXBuildFile; fileRef = 4B2F507D197BC983000ADF06 /* MessageViewController.m */; };
		4B654EAB199642B6004C2D13 /* MessageHeaderView+InboxKit.m in Sources */ = {isa = PBXBuildFile; fileRef = 4B654EAA199642B6004C2D13 /* MessageHeaderView+InboxKit.m */; };
		4B654EAE19964572004C2D13 /* UIWebView+InboxKit.m in Sources */ = {isa = PBXBuildFile; fileRef = 4B654EAD19964572004C2D13 /* UIWebView+InboxKit.m */; };
		4B654EB119968D75004C2D13 /* ContactsTextView.m in Sources */ = {isa = PBXBuildFile; fileRef = 4B654EB019968D75004C2D13 /* ContactsTextView.m */; };
		4B6A1CB11998ED3A000CFFF6 /* ThreadTableViewCell+Inbox.m in Sources */ = {isa = PBXBuildFile; fileRef = 4B6A1CB01998ED3A000CFFF6 /* ThreadTableViewCell+Inbox.m */; };
		4B7CBC53199408B100F7DF76 /* MessagePreviewTableViewCell.m in Sources */ = {isa = PBXBuildFile; fileRef = 4B7CBC52199408B100F7DF76 /* MessagePreviewTableViewCell.m */; };
		4B7CBC561994136200F7DF76 /* MessageTableViewCell.m in Sources */ = {isa = PBXBuildFile; fileRef = 4B7CBC551994136200F7DF76 /* MessageTableViewCell.m */; };
		4B80138A199CCCDC0011EB31 /* AddAccountViewController.m in Sources */ = {isa = PBXBuildFile; fileRef = 4B801389199CCCDC0011EB31 /* AddAccountViewController.m */; };
		4B81AB45198EFCD200D0FF3A /* WebViewController.m in Sources */ = {isa = PBXBuildFile; fileRef = 4B81AB44198EFCD200D0FF3A /* WebViewController.m */; };
		4BA0A26119812326009C98F8 /* SimpleMailTemplate.html in Resources */ = {isa = PBXBuildFile; fileRef = 4BA0A25F19812326009C98F8 /* SimpleMailTemplate.html */; };
		4BA1F5A2198D2DC2008352ED /* ThreadsViewController.m in Sources */ = {isa = PBXBuildFile; fileRef = 4BA1F5A1198D2DC2008352ED /* ThreadsViewController.m */; };
		4BA1F5A5198D5DBB008352ED /* ContactsTableViewCell.m in Sources */ = {isa = PBXBuildFile; fileRef = 4BA1F5A4198D5DBB008352ED /* ContactsTableViewCell.m */; };
		4BAD464B19993E8400C4E50D /* Constants.m in Sources */ = {isa = PBXBuildFile; fileRef = 4BAD464A19993E8400C4E50D /* Constants.m */; };
		4BC92C8A197AF1D3000058F4 /* DateFormatter.m in Sources */ = {isa = PBXBuildFile; fileRef = 4BC92C89197AF1D3000058F4 /* DateFormatter.m */; };
		4BC97A2519A13EAA000079C3 /* MessagesViewController.m in Sources */ = {isa = PBXBuildFile; fileRef = 4BC97A2419A13EAA000079C3 /* MessagesViewController.m */; };
		4BCB6440197E95E60056EA79 /* ComposeMessageViewController.m in Sources */ = {isa = PBXBuildFile; fileRef = 4BCB643F197E95E60056EA79 /* ComposeMessageViewController.m */; };
		4BCB6444197EB83F0056EA79 /* InputTableViewCell.m in Sources */ = {isa = PBXBuildFile; fileRef = 4BCB6443197EB83F0056EA79 /* InputTableViewCell.m */; };
		4BD3B0CC19A60DF700769D2C /* TitleValueTableViewCell.m in Sources */ = {isa = PBXBuildFile; fileRef = 4BD3B0CB19A60DF700769D2C /* TitleValueTableViewCell.m */; };
		4BD3B0CF19A610ED00769D2C /* SignatureViewController.m in Sources */ = {isa = PBXBuildFile; fileRef = 4BD3B0CE19A610ED00769D2C /* SignatureViewController.m */; };
		4BDA8D8C198103170099D186 /* TagsTableViewController.m in Sources */ = {isa = PBXBuildFile; fileRef = 4BDA8D8B198103170099D186 /* TagsTableViewController.m */; };
		4BE323B619924B4800071AEA /* LoginViewController.m in Sources */ = {isa = PBXBuildFile; fileRef = 4BE323B519924B4800071AEA /* LoginViewController.m */; };
		4BE323B919924E5100071AEA /* CloudKit.framework in Frameworks */ = {isa = PBXBuildFile; fileRef = 4BE323B819924E5100071AEA /* CloudKit.framework */; };
		4BE323BC199267A300071AEA /* SettingsTableViewController.m in Sources */ = {isa = PBXBuildFile; fileRef = 4BE323BB199267A300071AEA /* SettingsTableViewController.m */; };
		4BE323C01992850700071AEA /* ContactsTextStorage.m in Sources */ = {isa = PBXBuildFile; fileRef = 4BE323BF1992850700071AEA /* ContactsTextStorage.m */; };
		4BE323C3199286DF00071AEA /* ContactsTextViewDelegate.m in Sources */ = {isa = PBXBuildFile; fileRef = 4BE323C2199286DF00071AEA /* ContactsTextViewDelegate.m */; };
		4BE36287199F9CE600217E09 /* MailSummaryView.m in Sources */ = {isa = PBXBuildFile; fileRef = 4BE36286199F9CE600217E09 /* MailSummaryView.m */; };
		4BE3628A199FA3A000217E09 /* SpamController.m in Sources */ = {isa = PBXBuildFile; fileRef = 4BE36289199FA3A000217E09 /* SpamController.m */; };
		4BE3628D199FB06600217E09 /* QuickReplyHeaderView.m in Sources */ = {isa = PBXBuildFile; fileRef = 4BE3628C199FB06600217E09 /* QuickReplyHeaderView.m */; };
		4BFAF2A3197A6BF60040580C /* main.m in Sources */ = {isa = PBXBuildFile; fileRef = 4BFAF2A2197A6BF60040580C /* main.m */; };
		4BFAF2A6197A6BF60040580C /* AppDelegate.m in Sources */ = {isa = PBXBuildFile; fileRef = 4BFAF2A5197A6BF60040580C /* AppDelegate.m */; };
		4BFAF2A9197A6BF60040580C /* ViewController.m in Sources */ = {isa = PBXBuildFile; fileRef = 4BFAF2A8197A6BF60040580C /* ViewController.m */; };
		4BFAF2AC197A6BF60040580C /* Main.storyboard in Resources */ = {isa = PBXBuildFile; fileRef = 4BFAF2AA197A6BF60040580C /* Main.storyboard */; };
		4BFAF2AE197A6BF70040580C /* Images.xcassets in Resources */ = {isa = PBXBuildFile; fileRef = 4BFAF2AD197A6BF70040580C /* Images.xcassets */; };
		4BFAF2BA197A6BF70040580C /* MailClientTests.m in Sources */ = {isa = PBXBuildFile; fileRef = 4BFAF2B9197A6BF70040580C /* MailClientTests.m */; };
		4BFAF2C6197A6C700040580C /* ThreadsTableViewController.m in Sources */ = {isa = PBXBuildFile; fileRef = 4BFAF2C5197A6C700040580C /* ThreadsTableViewController.m */; };
		4BFAF2CA197A78180040580C /* NavigationController.m in Sources */ = {isa = PBXBuildFile; fileRef = 4BFAF2C9197A78180040580C /* NavigationController.m */; };
		4BFAF2CF197A797D0040580C /* ThreadTableViewCell.m in Sources */ = {isa = PBXBuildFile; fileRef = 4BFAF2CE197A797D0040580C /* ThreadTableViewCell.m */; };
		4BFAF2D2197A86EE0040580C /* UnreadIndicatorView.m in Sources */ = {isa = PBXBuildFile; fileRef = 4BFAF2D1197A86EE0040580C /* UnreadIndicatorView.m */; };
		DCCA2AF02CEA4A62AC0824E6 /* libPods.a in Frameworks */ = {isa = PBXBuildFile; fileRef = 1EBE9880C37D4E399A6E7904 /* libPods.a */; };
/* End PBXBuildFile section */

/* Begin PBXContainerItemProxy section */
		4BFAF2B4197A6BF70040580C /* PBXContainerItemProxy */ = {
			isa = PBXContainerItemProxy;
			containerPortal = 4BFAF295197A6BF60040580C /* Project object */;
			proxyType = 1;
			remoteGlobalIDString = 4BFAF29C197A6BF60040580C;
			remoteInfo = MailClient;
		};
/* End PBXContainerItemProxy section */

/* Begin PBXFileReference section */
		141879C9C690434EA1154F5D /* Pods.xcconfig */ = {isa = PBXFileReference; includeInIndex = 1; lastKnownFileType = text.xcconfig; name = Pods.xcconfig; path = Pods/Pods.xcconfig; sourceTree = "<group>"; };
		1EBE9880C37D4E399A6E7904 /* libPods.a */ = {isa = PBXFileReference; explicitFileType = archive.ar; includeInIndex = 0; path = libPods.a; sourceTree = BUILT_PRODUCTS_DIR; };
		4B01B03C19A4D303007C0975 /* ComposeMessageInputView.h */ = {isa = PBXFileReference; fileEncoding = 4; lastKnownFileType = sourcecode.c.h; name = ComposeMessageInputView.h; path = Classes/ComposeMessageInputView.h; sourceTree = "<group>"; };
		4B01B03D19A4D303007C0975 /* ComposeMessageInputView.m */ = {isa = PBXFileReference; fileEncoding = 4; lastKnownFileType = sourcecode.c.objc; name = ComposeMessageInputView.m; path = Classes/ComposeMessageInputView.m; sourceTree = "<group>"; };
		4B11DE32199B93EA0047C4D9 /* AttachmentView.h */ = {isa = PBXFileReference; fileEncoding = 4; lastKnownFileType = sourcecode.c.h; name = AttachmentView.h; path = Classes/AttachmentView.h; sourceTree = "<group>"; };
		4B11DE33199B93EA0047C4D9 /* AttachmentView.m */ = {isa = PBXFileReference; fileEncoding = 4; lastKnownFileType = sourcecode.c.objc; name = AttachmentView.m; path = Classes/AttachmentView.m; sourceTree = "<group>"; };
		4B2286E619828B9F00185F9C /* MessageHeaderView.h */ = {isa = PBXFileReference; fileEncoding = 4; lastKnownFileType = sourcecode.c.h; name = MessageHeaderView.h; path = Classes/MessageHeaderView.h; sourceTree = "<group>"; };
		4B2286E719828B9F00185F9C /* MessageHeaderView.m */ = {isa = PBXFileReference; fileEncoding = 4; lastKnownFileType = sourcecode.c.objc; name = MessageHeaderView.m; path = Classes/MessageHeaderView.m; sourceTree = "<group>"; };
		4B29FEA01982B3C400800111 /* SkinProvider.h */ = {isa = PBXFileReference; fileEncoding = 4; lastKnownFileType = sourcecode.c.h; name = SkinProvider.h; path = Classes/SkinProvider.h; sourceTree = "<group>"; };
		4B29FEA11982B3C400800111 /* SkinProvider.m */ = {isa = PBXFileReference; fileEncoding = 4; lastKnownFileType = sourcecode.c.objc; name = SkinProvider.m; path = Classes/SkinProvider.m; sourceTree = "<group>"; };
		4B29FEA31982D65400800111 /* MailClient.pch */ = {isa = PBXFileReference; fileEncoding = 4; lastKnownFileType = sourcecode.c.h; path = MailClient.pch; sourceTree = "<group>"; };
		4B2BFA2219A22D350081F597 /* NumMessagesInThreadView.h */ = {isa = PBXFileReference; fileEncoding = 4; lastKnownFileType = sourcecode.c.h; name = NumMessagesInThreadView.h; path = Classes/NumMessagesInThreadView.h; sourceTree = "<group>"; };
		4B2BFA2319A22D350081F597 /* NumMessagesInThreadView.m */ = {isa = PBXFileReference; fileEncoding = 4; lastKnownFileType = sourcecode.c.objc; name = NumMessagesInThreadView.m; path = Classes/NumMessagesInThreadView.m; sourceTree = "<group>"; };
		4B2F5079197BB796000ADF06 /* MessagesTableViewController.h */ = {isa = PBXFileReference; fileEncoding = 4; lastKnownFileType = sourcecode.c.h; name = MessagesTableViewController.h; path = Classes/MessagesTableViewController.h; sourceTree = "<group>"; };
		4B2F507A197BB796000ADF06 /* MessagesTableViewController.m */ = {isa = PBXFileReference; fileEncoding = 4; lastKnownFileType = sourcecode.c.objc; name = MessagesTableViewController.m; path = Classes/MessagesTableViewController.m; sourceTree = "<group>"; };
		4B2F507C197BC983000ADF06 /* MessageViewController.h */ = {isa = PBXFileReference; fileEncoding = 4; lastKnownFileType = sourcecode.c.h; name = MessageViewController.h; path = Classes/MessageViewController.h; sourceTree = "<group>"; };
		4B2F507D197BC983000ADF06 /* MessageViewController.m */ = {isa = PBXFileReference; fileEncoding = 4; lastKnownFileType = sourcecode.c.objc; name = MessageViewController.m; path = Classes/MessageViewController.m; sourceTree = "<group>"; };
		4B654EA9199642B6004C2D13 /* MessageHeaderView+InboxKit.h */ = {isa = PBXFileReference; fileEncoding = 4; lastKnownFileType = sourcecode.c.h; name = "MessageHeaderView+InboxKit.h"; path = "Classes/MessageHeaderView+InboxKit.h"; sourceTree = "<group>"; };
		4B654EAA199642B6004C2D13 /* MessageHeaderView+InboxKit.m */ = {isa = PBXFileReference; fileEncoding = 4; lastKnownFileType = sourcecode.c.objc; name = "MessageHeaderView+InboxKit.m"; path = "Classes/MessageHeaderView+InboxKit.m"; sourceTree = "<group>"; };
		4B654EAC19964572004C2D13 /* UIWebView+InboxKit.h */ = {isa = PBXFileReference; fileEncoding = 4; lastKnownFileType = sourcecode.c.h; name = "UIWebView+InboxKit.h"; path = "Classes/UIWebView+InboxKit.h"; sourceTree = "<group>"; };
		4B654EAD19964572004C2D13 /* UIWebView+InboxKit.m */ = {isa = PBXFileReference; fileEncoding = 4; lastKnownFileType = sourcecode.c.objc; name = "UIWebView+InboxKit.m"; path = "Classes/UIWebView+InboxKit.m"; sourceTree = "<group>"; };
		4B654EAF19968D75004C2D13 /* ContactsTextView.h */ = {isa = PBXFileReference; fileEncoding = 4; lastKnownFileType = sourcecode.c.h; name = ContactsTextView.h; path = Classes/ContactsTextView.h; sourceTree = "<group>"; };
		4B654EB019968D75004C2D13 /* ContactsTextView.m */ = {isa = PBXFileReference; fileEncoding = 4; lastKnownFileType = sourcecode.c.objc; name = ContactsTextView.m; path = Classes/ContactsTextView.m; sourceTree = "<group>"; };
		4B6A1CAF1998ED3A000CFFF6 /* ThreadTableViewCell+Inbox.h */ = {isa = PBXFileReference; fileEncoding = 4; lastKnownFileType = sourcecode.c.h; name = "ThreadTableViewCell+Inbox.h"; path = "Classes/ThreadTableViewCell+Inbox.h"; sourceTree = "<group>"; };
		4B6A1CB01998ED3A000CFFF6 /* ThreadTableViewCell+Inbox.m */ = {isa = PBXFileReference; fileEncoding = 4; lastKnownFileType = sourcecode.c.objc; name = "ThreadTableViewCell+Inbox.m"; path = "Classes/ThreadTableViewCell+Inbox.m"; sourceTree = "<group>"; };
		4B7CBC51199408B100F7DF76 /* MessagePreviewTableViewCell.h */ = {isa = PBXFileReference; fileEncoding = 4; lastKnownFileType = sourcecode.c.h; name = MessagePreviewTableViewCell.h; path = Classes/MessagePreviewTableViewCell.h; sourceTree = "<group>"; };
		4B7CBC52199408B100F7DF76 /* MessagePreviewTableViewCell.m */ = {isa = PBXFileReference; fileEncoding = 4; lastKnownFileType = sourcecode.c.objc; name = MessagePreviewTableViewCell.m; path = Classes/MessagePreviewTableViewCell.m; sourceTree = "<group>"; };
		4B7CBC541994136200F7DF76 /* MessageTableViewCell.h */ = {isa = PBXFileReference; fileEncoding = 4; lastKnownFileType = sourcecode.c.h; name = MessageTableViewCell.h; path = Classes/MessageTableViewCell.h; sourceTree = "<group>"; };
		4B7CBC551994136200F7DF76 /* MessageTableViewCell.m */ = {isa = PBXFileReference; fileEncoding = 4; lastKnownFileType = sourcecode.c.objc; name = MessageTableViewCell.m; path = Classes/MessageTableViewCell.m; sourceTree = "<group>"; };
		4B801388199CCCDC0011EB31 /* AddAccountViewController.h */ = {isa = PBXFileReference; fileEncoding = 4; lastKnownFileType = sourcecode.c.h; name = AddAccountViewController.h; path = Classes/AddAccountViewController.h; sourceTree = "<group>"; };
		4B801389199CCCDC0011EB31 /* AddAccountViewController.m */ = {isa = PBXFileReference; fileEncoding = 4; lastKnownFileType = sourcecode.c.objc; name = AddAccountViewController.m; path = Classes/AddAccountViewController.m; sourceTree = "<group>"; };
		4B81AB43198EFCD200D0FF3A /* WebViewController.h */ = {isa = PBXFileReference; fileEncoding = 4; lastKnownFileType = sourcecode.c.h; name = WebViewController.h; path = Classes/WebViewController.h; sourceTree = "<group>"; };
		4B81AB44198EFCD200D0FF3A /* WebViewController.m */ = {isa = PBXFileReference; fileEncoding = 4; lastKnownFileType = sourcecode.c.objc; name = WebViewController.m; path = Classes/WebViewController.m; sourceTree = "<group>"; };
		4BA0A25F19812326009C98F8 /* SimpleMailTemplate.html */ = {isa = PBXFileReference; fileEncoding = 4; lastKnownFileType = text.html; name = SimpleMailTemplate.html; path = Html/SimpleMailTemplate.html; sourceTree = "<group>"; };
		4BA1F5A0198D2DC2008352ED /* ThreadsViewController.h */ = {isa = PBXFileReference; fileEncoding = 4; lastKnownFileType = sourcecode.c.h; name = ThreadsViewController.h; path = Classes/ThreadsViewController.h; sourceTree = "<group>"; };
		4BA1F5A1198D2DC2008352ED /* ThreadsViewController.m */ = {isa = PBXFileReference; fileEncoding = 4; lastKnownFileType = sourcecode.c.objc; name = ThreadsViewController.m; path = Classes/ThreadsViewController.m; sourceTree = "<group>"; };
		4BA1F5A3198D5DBB008352ED /* ContactsTableViewCell.h */ = {isa = PBXFileReference; fileEncoding = 4; lastKnownFileType = sourcecode.c.h; name = ContactsTableViewCell.h; path = Classes/ContactsTableViewCell.h; sourceTree = "<group>"; };
		4BA1F5A4198D5DBB008352ED /* ContactsTableViewCell.m */ = {isa = PBXFileReference; fileEncoding = 4; lastKnownFileType = sourcecode.c.objc; name = ContactsTableViewCell.m; path = Classes/ContactsTableViewCell.m; sourceTree = "<group>"; };
		4BAD464919993E8400C4E50D /* Constants.h */ = {isa = PBXFileReference; fileEncoding = 4; lastKnownFileType = sourcecode.c.h; name = Constants.h; path = Classes/Constants.h; sourceTree = "<group>"; };
		4BAD464A19993E8400C4E50D /* Constants.m */ = {isa = PBXFileReference; fileEncoding = 4; lastKnownFileType = sourcecode.c.objc; name = Constants.m; path = Classes/Constants.m; sourceTree = "<group>"; };
		4BC92C88197AF1D3000058F4 /* DateFormatter.h */ = {isa = PBXFileReference; fileEncoding = 4; lastKnownFileType = sourcecode.c.h; name = DateFormatter.h; path = Classes/DateFormatter.h; sourceTree = "<group>"; };
		4BC92C89197AF1D3000058F4 /* DateFormatter.m */ = {isa = PBXFileReference; fileEncoding = 4; lastKnownFileType = sourcecode.c.objc; name = DateFormatter.m; path = Classes/DateFormatter.m; sourceTree = "<group>"; };
		4BC97A2319A13EAA000079C3 /* MessagesViewController.h */ = {isa = PBXFileReference; fileEncoding = 4; lastKnownFileType = sourcecode.c.h; name = MessagesViewController.h; path = Classes/MessagesViewController.h; sourceTree = "<group>"; };
		4BC97A2419A13EAA000079C3 /* MessagesViewController.m */ = {isa = PBXFileReference; fileEncoding = 4; lastKnownFileType = sourcecode.c.objc; name = MessagesViewController.m; path = Classes/MessagesViewController.m; sourceTree = "<group>"; };
		4BCB643E197E95E60056EA79 /* ComposeMessageViewController.h */ = {isa = PBXFileReference; fileEncoding = 4; lastKnownFileType = sourcecode.c.h; name = ComposeMessageViewController.h; path = Classes/ComposeMessageViewController.h; sourceTree = "<group>"; };
		4BCB643F197E95E60056EA79 /* ComposeMessageViewController.m */ = {isa = PBXFileReference; fileEncoding = 4; lastKnownFileType = sourcecode.c.objc; name = ComposeMessageViewController.m; path = Classes/ComposeMessageViewController.m; sourceTree = "<group>"; };
		4BCB6442197EB83F0056EA79 /* InputTableViewCell.h */ = {isa = PBXFileReference; fileEncoding = 4; lastKnownFileType = sourcecode.c.h; name = InputTableViewCell.h; path = Classes/InputTableViewCell.h; sourceTree = "<group>"; };
		4BCB6443197EB83F0056EA79 /* InputTableViewCell.m */ = {isa = PBXFileReference; fileEncoding = 4; lastKnownFileType = sourcecode.c.objc; name = InputTableViewCell.m; path = Classes/InputTableViewCell.m; sourceTree = "<group>"; };
		4BD3B0CA19A60DF700769D2C /* TitleValueTableViewCell.h */ = {isa = PBXFileReference; fileEncoding = 4; lastKnownFileType = sourcecode.c.h; name = TitleValueTableViewCell.h; path = Classes/TitleValueTableViewCell.h; sourceTree = "<group>"; };
		4BD3B0CB19A60DF700769D2C /* TitleValueTableViewCell.m */ = {isa = PBXFileReference; fileEncoding = 4; lastKnownFileType = sourcecode.c.objc; name = TitleValueTableViewCell.m; path = Classes/TitleValueTableViewCell.m; sourceTree = "<group>"; };
		4BD3B0CD19A610ED00769D2C /* SignatureViewController.h */ = {isa = PBXFileReference; fileEncoding = 4; lastKnownFileType = sourcecode.c.h; name = SignatureViewController.h; path = Classes/SignatureViewController.h; sourceTree = "<group>"; };
		4BD3B0CE19A610ED00769D2C /* SignatureViewController.m */ = {isa = PBXFileReference; fileEncoding = 4; lastKnownFileType = sourcecode.c.objc; name = SignatureViewController.m; path = Classes/SignatureViewController.m; sourceTree = "<group>"; };
		4BDA8D8A198103170099D186 /* TagsTableViewController.h */ = {isa = PBXFileReference; fileEncoding = 4; lastKnownFileType = sourcecode.c.h; name = TagsTableViewController.h; path = Classes/TagsTableViewController.h; sourceTree = "<group>"; };
		4BDA8D8B198103170099D186 /* TagsTableViewController.m */ = {isa = PBXFileReference; fileEncoding = 4; lastKnownFileType = sourcecode.c.objc; name = TagsTableViewController.m; path = Classes/TagsTableViewController.m; sourceTree = "<group>"; };
		4BE323B419924B4800071AEA /* LoginViewController.h */ = {isa = PBXFileReference; fileEncoding = 4; lastKnownFileType = sourcecode.c.h; name = LoginViewController.h; path = Classes/LoginViewController.h; sourceTree = "<group>"; };
		4BE323B519924B4800071AEA /* LoginViewController.m */ = {isa = PBXFileReference; fileEncoding = 4; lastKnownFileType = sourcecode.c.objc; name = LoginViewController.m; path = Classes/LoginViewController.m; sourceTree = "<group>"; };
		4BE323B719924E3900071AEA /* MailClient.entitlements */ = {isa = PBXFileReference; lastKnownFileType = text.xml; path = MailClient.entitlements; sourceTree = "<group>"; };
		4BE323B819924E5100071AEA /* CloudKit.framework */ = {isa = PBXFileReference; lastKnownFileType = wrapper.framework; name = CloudKit.framework; path = System/Library/Frameworks/CloudKit.framework; sourceTree = SDKROOT; };
		4BE323BA199267A300071AEA /* SettingsTableViewController.h */ = {isa = PBXFileReference; fileEncoding = 4; lastKnownFileType = sourcecode.c.h; name = SettingsTableViewController.h; path = Classes/SettingsTableViewController.h; sourceTree = "<group>"; };
		4BE323BB199267A300071AEA /* SettingsTableViewController.m */ = {isa = PBXFileReference; fileEncoding = 4; lastKnownFileType = sourcecode.c.objc; name = SettingsTableViewController.m; path = Classes/SettingsTableViewController.m; sourceTree = "<group>"; };
		4BE323BE1992850700071AEA /* ContactsTextStorage.h */ = {isa = PBXFileReference; fileEncoding = 4; lastKnownFileType = sourcecode.c.h; name = ContactsTextStorage.h; path = Classes/ContactsTextStorage.h; sourceTree = "<group>"; };
		4BE323BF1992850700071AEA /* ContactsTextStorage.m */ = {isa = PBXFileReference; fileEncoding = 4; lastKnownFileType = sourcecode.c.objc; name = ContactsTextStorage.m; path = Classes/ContactsTextStorage.m; sourceTree = "<group>"; };
		4BE323C1199286DF00071AEA /* ContactsTextViewDelegate.h */ = {isa = PBXFileReference; fileEncoding = 4; lastKnownFileType = sourcecode.c.h; name = ContactsTextViewDelegate.h; path = Classes/ContactsTextViewDelegate.h; sourceTree = "<group>"; };
		4BE323C2199286DF00071AEA /* ContactsTextViewDelegate.m */ = {isa = PBXFileReference; fileEncoding = 4; lastKnownFileType = sourcecode.c.objc; name = ContactsTextViewDelegate.m; path = Classes/ContactsTextViewDelegate.m; sourceTree = "<group>"; };
		4BE36285199F9CE600217E09 /* MailSummaryView.h */ = {isa = PBXFileReference; fileEncoding = 4; lastKnownFileType = sourcecode.c.h; name = MailSummaryView.h; path = Classes/MailSummaryView.h; sourceTree = "<group>"; };
		4BE36286199F9CE600217E09 /* MailSummaryView.m */ = {isa = PBXFileReference; fileEncoding = 4; lastKnownFileType = sourcecode.c.objc; name = MailSummaryView.m; path = Classes/MailSummaryView.m; sourceTree = "<group>"; };
		4BE36288199FA3A000217E09 /* SpamController.h */ = {isa = PBXFileReference; fileEncoding = 4; lastKnownFileType = sourcecode.c.h; name = SpamController.h; path = Classes/SpamController.h; sourceTree = "<group>"; };
		4BE36289199FA3A000217E09 /* SpamController.m */ = {isa = PBXFileReference; fileEncoding = 4; lastKnownFileType = sourcecode.c.objc; name = SpamController.m; path = Classes/SpamController.m; sourceTree = "<group>"; };
		4BE3628B199FB06600217E09 /* QuickReplyHeaderView.h */ = {isa = PBXFileReference; fileEncoding = 4; lastKnownFileType = sourcecode.c.h; name = QuickReplyHeaderView.h; path = Classes/QuickReplyHeaderView.h; sourceTree = "<group>"; };
		4BE3628C199FB06600217E09 /* QuickReplyHeaderView.m */ = {isa = PBXFileReference; fileEncoding = 4; lastKnownFileType = sourcecode.c.objc; name = QuickReplyHeaderView.m; path = Classes/QuickReplyHeaderView.m; sourceTree = "<group>"; };
		4BFAF29D197A6BF60040580C /* MailClient.app */ = {isa = PBXFileReference; explicitFileType = wrapper.application; includeInIndex = 0; path = MailClient.app; sourceTree = BUILT_PRODUCTS_DIR; };
		4BFAF2A1197A6BF60040580C /* Info.plist */ = {isa = PBXFileReference; lastKnownFileType = text.plist.xml; path = Info.plist; sourceTree = "<group>"; };
		4BFAF2A2197A6BF60040580C /* main.m */ = {isa = PBXFileReference; lastKnownFileType = sourcecode.c.objc; path = main.m; sourceTree = "<group>"; };
		4BFAF2A4197A6BF60040580C /* AppDelegate.h */ = {isa = PBXFileReference; lastKnownFileType = sourcecode.c.h; path = AppDelegate.h; sourceTree = "<group>"; };
		4BFAF2A5197A6BF60040580C /* AppDelegate.m */ = {isa = PBXFileReference; lastKnownFileType = sourcecode.c.objc; path = AppDelegate.m; sourceTree = "<group>"; };
		4BFAF2A7197A6BF60040580C /* ViewController.h */ = {isa = PBXFileReference; lastKnownFileType = sourcecode.c.h; path = ViewController.h; sourceTree = "<group>"; };
		4BFAF2A8197A6BF60040580C /* ViewController.m */ = {isa = PBXFileReference; lastKnownFileType = sourcecode.c.objc; path = ViewController.m; sourceTree = "<group>"; };
		4BFAF2AB197A6BF60040580C /* Base */ = {isa = PBXFileReference; lastKnownFileType = file.storyboard; name = Base; path = Base.lproj/Main.storyboard; sourceTree = "<group>"; };
		4BFAF2AD197A6BF70040580C /* Images.xcassets */ = {isa = PBXFileReference; lastKnownFileType = folder.assetcatalog; path = Images.xcassets; sourceTree = "<group>"; };
		4BFAF2B3197A6BF70040580C /* MailClientTests.xctest */ = {isa = PBXFileReference; explicitFileType = wrapper.cfbundle; includeInIndex = 0; path = MailClientTests.xctest; sourceTree = BUILT_PRODUCTS_DIR; };
		4BFAF2B8197A6BF70040580C /* Info.plist */ = {isa = PBXFileReference; lastKnownFileType = text.plist.xml; path = Info.plist; sourceTree = "<group>"; };
		4BFAF2B9197A6BF70040580C /* MailClientTests.m */ = {isa = PBXFileReference; lastKnownFileType = sourcecode.c.objc; path = MailClientTests.m; sourceTree = "<group>"; };
		4BFAF2C4197A6C700040580C /* ThreadsTableViewController.h */ = {isa = PBXFileReference; fileEncoding = 4; lastKnownFileType = sourcecode.c.h; name = ThreadsTableViewController.h; path = Classes/ThreadsTableViewController.h; sourceTree = "<group>"; };
		4BFAF2C5197A6C700040580C /* ThreadsTableViewController.m */ = {isa = PBXFileReference; fileEncoding = 4; lastKnownFileType = sourcecode.c.objc; name = ThreadsTableViewController.m; path = Classes/ThreadsTableViewController.m; sourceTree = "<group>"; };
		4BFAF2C8197A78180040580C /* NavigationController.h */ = {isa = PBXFileReference; fileEncoding = 4; lastKnownFileType = sourcecode.c.h; name = NavigationController.h; path = Classes/NavigationController.h; sourceTree = "<group>"; };
		4BFAF2C9197A78180040580C /* NavigationController.m */ = {isa = PBXFileReference; fileEncoding = 4; lastKnownFileType = sourcecode.c.objc; name = NavigationController.m; path = Classes/NavigationController.m; sourceTree = "<group>"; };
		4BFAF2CD197A797D0040580C /* ThreadTableViewCell.h */ = {isa = PBXFileReference; fileEncoding = 4; lastKnownFileType = sourcecode.c.h; name = ThreadTableViewCell.h; path = Classes/ThreadTableViewCell.h; sourceTree = "<group>"; };
		4BFAF2CE197A797D0040580C /* ThreadTableViewCell.m */ = {isa = PBXFileReference; fileEncoding = 4; lastKnownFileType = sourcecode.c.objc; name = ThreadTableViewCell.m; path = Classes/ThreadTableViewCell.m; sourceTree = "<group>"; };
		4BFAF2D0197A86EE0040580C /* UnreadIndicatorView.h */ = {isa = PBXFileReference; fileEncoding = 4; lastKnownFileType = sourcecode.c.h; name = UnreadIndicatorView.h; path = Classes/UnreadIndicatorView.h; sourceTree = "<group>"; };
		4BFAF2D1197A86EE0040580C /* UnreadIndicatorView.m */ = {isa = PBXFileReference; fileEncoding = 4; lastKnownFileType = sourcecode.c.objc; name = UnreadIndicatorView.m; path = Classes/UnreadIndicatorView.m; sourceTree = "<group>"; };
/* End PBXFileReference section */

/* Begin PBXFrameworksBuildPhase section */
		4BFAF29A197A6BF60040580C /* Frameworks */ = {
			isa = PBXFrameworksBuildPhase;
			buildActionMask = 2147483647;
			files = (
				DCCA2AF02CEA4A62AC0824E6 /* libPods.a in Frameworks */,
				4BE323B919924E5100071AEA /* CloudKit.framework in Frameworks */,
			);
			runOnlyForDeploymentPostprocessing = 0;
		};
		4BFAF2B0197A6BF70040580C /* Frameworks */ = {
			isa = PBXFrameworksBuildPhase;
			buildActionMask = 2147483647;
			files = (
			);
			runOnlyForDeploymentPostprocessing = 0;
		};
/* End PBXFrameworksBuildPhase section */

/* Begin PBXGroup section */
		4B6A1CAE1998D5D4000CFFF6 /* Inbox */ = {
			isa = PBXGroup;
			children = (
				4B654EA9199642B6004C2D13 /* MessageHeaderView+InboxKit.h */,
				4B654EAA199642B6004C2D13 /* MessageHeaderView+InboxKit.m */,
				4B654EAC19964572004C2D13 /* UIWebView+InboxKit.h */,
				4B654EAD19964572004C2D13 /* UIWebView+InboxKit.m */,
				4B6A1CAF1998ED3A000CFFF6 /* ThreadTableViewCell+Inbox.h */,
				4B6A1CB01998ED3A000CFFF6 /* ThreadTableViewCell+Inbox.m */,
			);
			name = Inbox;
			sourceTree = "<group>";
		};
		4BA0A25D19812314009C98F8 /* HTML */ = {
			isa = PBXGroup;
			children = (
				4BA0A25F19812326009C98F8 /* SimpleMailTemplate.html */,
			);
			name = HTML;
			sourceTree = "<group>";
		};
		4BE323BD199284DA00071AEA /* Model */ = {
			isa = PBXGroup;
			children = (
				4BE323BE1992850700071AEA /* ContactsTextStorage.h */,
				4BE323BF1992850700071AEA /* ContactsTextStorage.m */,
				4BE323C1199286DF00071AEA /* ContactsTextViewDelegate.h */,
				4BE323C2199286DF00071AEA /* ContactsTextViewDelegate.m */,
			);
			name = Model;
			sourceTree = "<group>";
		};
		4BFAF294197A6BF60040580C = {
			isa = PBXGroup;
			children = (
				4BFAF29F197A6BF60040580C /* MailClient */,
				4BFAF2B6197A6BF70040580C /* MailClientTests */,
				4BFAF29E197A6BF60040580C /* Products */,
				141879C9C690434EA1154F5D /* Pods.xcconfig */,
				BC4C075B4AB343EA90E360C4 /* Frameworks */,
			);
			sourceTree = "<group>";
		};
		4BFAF29E197A6BF60040580C /* Products */ = {
			isa = PBXGroup;
			children = (
				4BFAF29D197A6BF60040580C /* MailClient.app */,
				4BFAF2B3197A6BF70040580C /* MailClientTests.xctest */,
			);
			name = Products;
			sourceTree = "<group>";
		};
		4BFAF29F197A6BF60040580C /* MailClient */ = {
			isa = PBXGroup;
			children = (
				4BE323BD199284DA00071AEA /* Model */,
				4BE323B719924E3900071AEA /* MailClient.entitlements */,
				4BA0A25D19812314009C98F8 /* HTML */,
				4BFAF2CC197A791A0040580C /* View */,
				4BFAF2C3197A6C0D0040580C /* Controller */,
				4BFAF2A4197A6BF60040580C /* AppDelegate.h */,
				4BFAF2A5197A6BF60040580C /* AppDelegate.m */,
				4BFAF2A7197A6BF60040580C /* ViewController.h */,
				4BFAF2A8197A6BF60040580C /* ViewController.m */,
				4BFAF2AA197A6BF60040580C /* Main.storyboard */,
				4BFAF2AD197A6BF70040580C /* Images.xcassets */,
				4BFAF2A0197A6BF60040580C /* Supporting Files */,
				4BC92C88197AF1D3000058F4 /* DateFormatter.h */,
				4BC92C89197AF1D3000058F4 /* DateFormatter.m */,
				4B29FEA31982D65400800111 /* MailClient.pch */,
				4BAD464919993E8400C4E50D /* Constants.h */,
				4BAD464A19993E8400C4E50D /* Constants.m */,
			);
			path = MailClient;
			sourceTree = "<group>";
		};
		4BFAF2A0197A6BF60040580C /* Supporting Files */ = {
			isa = PBXGroup;
			children = (
				4BFAF2A1197A6BF60040580C /* Info.plist */,
				4BFAF2A2197A6BF60040580C /* main.m */,
			);
			name = "Supporting Files";
			sourceTree = "<group>";
		};
		4BFAF2B6197A6BF70040580C /* MailClientTests */ = {
			isa = PBXGroup;
			children = (
				4BFAF2B9197A6BF70040580C /* MailClientTests.m */,
				4BFAF2B7197A6BF70040580C /* Supporting Files */,
			);
			path = MailClientTests;
			sourceTree = "<group>";
		};
		4BFAF2B7197A6BF70040580C /* Supporting Files */ = {
			isa = PBXGroup;
			children = (
				4BFAF2B8197A6BF70040580C /* Info.plist */,
			);
			name = "Supporting Files";
			sourceTree = "<group>";
		};
		4BFAF2C3197A6C0D0040580C /* Controller */ = {
			isa = PBXGroup;
			children = (
				4BFAF2C4197A6C700040580C /* ThreadsTableViewController.h */,
				4BFAF2C5197A6C700040580C /* ThreadsTableViewController.m */,
				4BFAF2C8197A78180040580C /* NavigationController.h */,
				4BFAF2C9197A78180040580C /* NavigationController.m */,
				4B2F5079197BB796000ADF06 /* MessagesTableViewController.h */,
				4B2F507A197BB796000ADF06 /* MessagesTableViewController.m */,
				4B2F507C197BC983000ADF06 /* MessageViewController.h */,
				4B2F507D197BC983000ADF06 /* MessageViewController.m */,
				4BCB643E197E95E60056EA79 /* ComposeMessageViewController.h */,
				4BCB643F197E95E60056EA79 /* ComposeMessageViewController.m */,
				4BDA8D8A198103170099D186 /* TagsTableViewController.h */,
				4BDA8D8B198103170099D186 /* TagsTableViewController.m */,
				4BA1F5A0198D2DC2008352ED /* ThreadsViewController.h */,
				4BA1F5A1198D2DC2008352ED /* ThreadsViewController.m */,
				4B81AB43198EFCD200D0FF3A /* WebViewController.h */,
				4B81AB44198EFCD200D0FF3A /* WebViewController.m */,
				4BE323B419924B4800071AEA /* LoginViewController.h */,
				4BE323B519924B4800071AEA /* LoginViewController.m */,
				4BE323BA199267A300071AEA /* SettingsTableViewController.h */,
				4BE323BB199267A300071AEA /* SettingsTableViewController.m */,
				4B801388199CCCDC0011EB31 /* AddAccountViewController.h */,
				4B801389199CCCDC0011EB31 /* AddAccountViewController.m */,
				4BE36288199FA3A000217E09 /* SpamController.h */,
				4BE36289199FA3A000217E09 /* SpamController.m */,
				4BC97A2319A13EAA000079C3 /* MessagesViewController.h */,
				4BC97A2419A13EAA000079C3 /* MessagesViewController.m */,
				4BD3B0CD19A610ED00769D2C /* SignatureViewController.h */,
				4BD3B0CE19A610ED00769D2C /* SignatureViewController.m */,
			);
			name = Controller;
			sourceTree = "<group>";
		};
		4BFAF2CC197A791A0040580C /* View */ = {
			isa = PBXGroup;
			children = (
				4B6A1CAE1998D5D4000CFFF6 /* Inbox */,
				4BFAF2CD197A797D0040580C /* ThreadTableViewCell.h */,
				4BFAF2CE197A797D0040580C /* ThreadTableViewCell.m */,
				4BFAF2D0197A86EE0040580C /* UnreadIndicatorView.h */,
				4BFAF2D1197A86EE0040580C /* UnreadIndicatorView.m */,
				4BCB6442197EB83F0056EA79 /* InputTableViewCell.h */,
				4BCB6443197EB83F0056EA79 /* InputTableViewCell.m */,
				4B2286E619828B9F00185F9C /* MessageHeaderView.h */,
				4B2286E719828B9F00185F9C /* MessageHeaderView.m */,
				4B29FEA01982B3C400800111 /* SkinProvider.h */,
				4B29FEA11982B3C400800111 /* SkinProvider.m */,
				4BA1F5A3198D5DBB008352ED /* ContactsTableViewCell.h */,
				4BA1F5A4198D5DBB008352ED /* ContactsTableViewCell.m */,
				4B7CBC51199408B100F7DF76 /* MessagePreviewTableViewCell.h */,
				4B7CBC52199408B100F7DF76 /* MessagePreviewTableViewCell.m */,
				4B7CBC541994136200F7DF76 /* MessageTableViewCell.h */,
				4B7CBC551994136200F7DF76 /* MessageTableViewCell.m */,
				4B654EAF19968D75004C2D13 /* ContactsTextView.h */,
				4B654EB019968D75004C2D13 /* ContactsTextView.m */,
				4B11DE32199B93EA0047C4D9 /* AttachmentView.h */,
				4B11DE33199B93EA0047C4D9 /* AttachmentView.m */,
				4BE36285199F9CE600217E09 /* MailSummaryView.h */,
				4BE36286199F9CE600217E09 /* MailSummaryView.m */,
				4BE3628B199FB06600217E09 /* QuickReplyHeaderView.h */,
				4BE3628C199FB06600217E09 /* QuickReplyHeaderView.m */,
				4B2BFA2219A22D350081F597 /* NumMessagesInThreadView.h */,
				4B2BFA2319A22D350081F597 /* NumMessagesInThreadView.m */,
				4B01B03C19A4D303007C0975 /* ComposeMessageInputView.h */,
				4B01B03D19A4D303007C0975 /* ComposeMessageInputView.m */,
				4BD3B0CA19A60DF700769D2C /* TitleValueTableViewCell.h */,
				4BD3B0CB19A60DF700769D2C /* TitleValueTableViewCell.m */,
			);
			name = View;
			sourceTree = "<group>";
		};
		BC4C075B4AB343EA90E360C4 /* Frameworks */ = {
			isa = PBXGroup;
			children = (
				4BE323B819924E5100071AEA /* CloudKit.framework */,
				1EBE9880C37D4E399A6E7904 /* libPods.a */,
			);
			name = Frameworks;
			sourceTree = "<group>";
		};
/* End PBXGroup section */

/* Begin PBXNativeTarget section */
		4BFAF29C197A6BF60040580C /* MailClient */ = {
			isa = PBXNativeTarget;
			buildConfigurationList = 4BFAF2BD197A6BF70040580C /* Build configuration list for PBXNativeTarget "MailClient" */;
			buildPhases = (
				8147A0899476411B99288DEE /* Check Pods Manifest.lock */,
				4BFAF299197A6BF60040580C /* Sources */,
				4BFAF29A197A6BF60040580C /* Frameworks */,
				4BFAF29B197A6BF60040580C /* Resources */,
				5AE432FE500F4E09868767F8 /* Copy Pods Resources */,
			);
			buildRules = (
			);
			dependencies = (
			);
			name = MailClient;
			productName = MailClient;
			productReference = 4BFAF29D197A6BF60040580C /* MailClient.app */;
			productType = "com.apple.product-type.application";
		};
		4BFAF2B2197A6BF70040580C /* MailClientTests */ = {
			isa = PBXNativeTarget;
			buildConfigurationList = 4BFAF2C0197A6BF70040580C /* Build configuration list for PBXNativeTarget "MailClientTests" */;
			buildPhases = (
				4BFAF2AF197A6BF70040580C /* Sources */,
				4BFAF2B0197A6BF70040580C /* Frameworks */,
				4BFAF2B1197A6BF70040580C /* Resources */,
			);
			buildRules = (
			);
			dependencies = (
				4BFAF2B5197A6BF70040580C /* PBXTargetDependency */,
			);
			name = MailClientTests;
			productName = MailClientTests;
			productReference = 4BFAF2B3197A6BF70040580C /* MailClientTests.xctest */;
			productType = "com.apple.product-type.bundle.unit-test";
		};
/* End PBXNativeTarget section */

/* Begin PBXProject section */
		4BFAF295197A6BF60040580C /* Project object */ = {
			isa = PBXProject;
			attributes = {
				LastUpgradeCheck = 0600;
				ORGANIZATIONNAME = "Petr Pavlik";
				TargetAttributes = {
					4BFAF29C197A6BF60040580C = {
						CreatedOnToolsVersion = 6.0;
						DevelopmentTeam = JL8TC3L46B;
						SystemCapabilities = {
							com.apple.iCloud = {
								enabled = 1;
							};
						};
					};
					4BFAF2B2197A6BF70040580C = {
						CreatedOnToolsVersion = 6.0;
						TestTargetID = 4BFAF29C197A6BF60040580C;
					};
				};
			};
			buildConfigurationList = 4BFAF298197A6BF60040580C /* Build configuration list for PBXProject "MailClient" */;
			compatibilityVersion = "Xcode 3.2";
			developmentRegion = English;
			hasScannedForEncodings = 0;
			knownRegions = (
				en,
				Base,
			);
			mainGroup = 4BFAF294197A6BF60040580C;
			productRefGroup = 4BFAF29E197A6BF60040580C /* Products */;
			projectDirPath = "";
			projectRoot = "";
			targets = (
				4BFAF29C197A6BF60040580C /* MailClient */,
				4BFAF2B2197A6BF70040580C /* MailClientTests */,
			);
		};
/* End PBXProject section */

/* Begin PBXResourcesBuildPhase section */
		4BFAF29B197A6BF60040580C /* Resources */ = {
			isa = PBXResourcesBuildPhase;
			buildActionMask = 2147483647;
			files = (
				4BFAF2AC197A6BF60040580C /* Main.storyboard in Resources */,
				4BFAF2AE197A6BF70040580C /* Images.xcassets in Resources */,
				4BA0A26119812326009C98F8 /* SimpleMailTemplate.html in Resources */,
			);
			runOnlyForDeploymentPostprocessing = 0;
		};
		4BFAF2B1197A6BF70040580C /* Resources */ = {
			isa = PBXResourcesBuildPhase;
			buildActionMask = 2147483647;
			files = (
			);
			runOnlyForDeploymentPostprocessing = 0;
		};
/* End PBXResourcesBuildPhase section */

/* Begin PBXShellScriptBuildPhase section */
		5AE432FE500F4E09868767F8 /* Copy Pods Resources */ = {
			isa = PBXShellScriptBuildPhase;
			buildActionMask = 2147483647;
			files = (
			);
			inputPaths = (
			);
			name = "Copy Pods Resources";
			outputPaths = (
			);
			runOnlyForDeploymentPostprocessing = 0;
			shellPath = /bin/sh;
			shellScript = "\"${SRCROOT}/Pods/Pods-resources.sh\"\n";
			showEnvVarsInLog = 0;
		};
		8147A0899476411B99288DEE /* Check Pods Manifest.lock */ = {
			isa = PBXShellScriptBuildPhase;
			buildActionMask = 2147483647;
			files = (
			);
			inputPaths = (
			);
			name = "Check Pods Manifest.lock";
			outputPaths = (
			);
			runOnlyForDeploymentPostprocessing = 0;
			shellPath = /bin/sh;
			shellScript = "diff \"${PODS_ROOT}/../Podfile.lock\" \"${PODS_ROOT}/Manifest.lock\" > /dev/null\nif [[ $? != 0 ]] ; then\n    cat << EOM\nerror: The sandbox is not in sync with the Podfile.lock. Run 'pod install' or update your CocoaPods installation.\nEOM\n    exit 1\nfi\n";
			showEnvVarsInLog = 0;
		};
/* End PBXShellScriptBuildPhase section */

/* Begin PBXSourcesBuildPhase section */
		4BFAF299197A6BF60040580C /* Sources */ = {
			isa = PBXSourcesBuildPhase;
			buildActionMask = 2147483647;
			files = (
				4B7CBC53199408B100F7DF76 /* MessagePreviewTableViewCell.m in Sources */,
				4BCB6440197E95E60056EA79 /* ComposeMessageViewController.m in Sources */,
				4BDA8D8C198103170099D186 /* TagsTableViewController.m in Sources */,
				4BFAF2A9197A6BF60040580C /* ViewController.m in Sources */,
				4B6A1CB11998ED3A000CFFF6 /* ThreadTableViewCell+Inbox.m in Sources */,
				4B2F507E197BC983000ADF06 /* MessageViewController.m in Sources */,
				4BC97A2519A13EAA000079C3 /* MessagesViewController.m in Sources */,
				4BD3B0CF19A610ED00769D2C /* SignatureViewController.m in Sources */,
				4BA1F5A5198D5DBB008352ED /* ContactsTableViewCell.m in Sources */,
				4B29FEA21982B3C400800111 /* SkinProvider.m in Sources */,
				4B654EB119968D75004C2D13 /* ContactsTextView.m in Sources */,
				4B2F507B197BB796000ADF06 /* MessagesTableViewController.m in Sources */,
				4BFAF2CF197A797D0040580C /* ThreadTableViewCell.m in Sources */,
				4BD3B0CC19A60DF700769D2C /* TitleValueTableViewCell.m in Sources */,
				4BAD464B19993E8400C4E50D /* Constants.m in Sources */,
				4BFAF2C6197A6C700040580C /* ThreadsTableViewController.m in Sources */,
				4BFAF2CA197A78180040580C /* NavigationController.m in Sources */,
				4B654EAE19964572004C2D13 /* UIWebView+InboxKit.m in Sources */,
				4BC92C8A197AF1D3000058F4 /* DateFormatter.m in Sources */,
				4B80138A199CCCDC0011EB31 /* AddAccountViewController.m in Sources */,
				4BFAF2A6197A6BF60040580C /* AppDelegate.m in Sources */,
				4BE323BC199267A300071AEA /* SettingsTableViewController.m in Sources */,
				4BFAF2A3197A6BF60040580C /* main.m in Sources */,
				4B81AB45198EFCD200D0FF3A /* WebViewController.m in Sources */,
				4BA1F5A2198D2DC2008352ED /* ThreadsViewController.m in Sources */,
				4B7CBC561994136200F7DF76 /* MessageTableViewCell.m in Sources */,
				4B654EAB199642B6004C2D13 /* MessageHeaderView+InboxKit.m in Sources */,
				4BE3628D199FB06600217E09 /* QuickReplyHeaderView.m in Sources */,
				4BE36287199F9CE600217E09 /* MailSummaryView.m in Sources */,
				4BE323B619924B4800071AEA /* LoginViewController.m in Sources */,
				4BE323C3199286DF00071AEA /* ContactsTextViewDelegate.m in Sources */,
				4B11DE34199B93EA0047C4D9 /* AttachmentView.m in Sources */,
				4B2BFA2419A22D350081F597 /* NumMessagesInThreadView.m in Sources */,
				4B2286E819828B9F00185F9C /* MessageHeaderView.m in Sources */,
				4BCB6444197EB83F0056EA79 /* InputTableViewCell.m in Sources */,
				4BE323C01992850700071AEA /* ContactsTextStorage.m in Sources */,
				4BE3628A199FA3A000217E09 /* SpamController.m in Sources */,
				4B01B03E19A4D303007C0975 /* ComposeMessageInputView.m in Sources */,
				4BFAF2D2197A86EE0040580C /* UnreadIndicatorView.m in Sources */,
			);
			runOnlyForDeploymentPostprocessing = 0;
		};
		4BFAF2AF197A6BF70040580C /* Sources */ = {
			isa = PBXSourcesBuildPhase;
			buildActionMask = 2147483647;
			files = (
				4BFAF2BA197A6BF70040580C /* MailClientTests.m in Sources */,
			);
			runOnlyForDeploymentPostprocessing = 0;
		};
/* End PBXSourcesBuildPhase section */

/* Begin PBXTargetDependency section */
		4BFAF2B5197A6BF70040580C /* PBXTargetDependency */ = {
			isa = PBXTargetDependency;
			target = 4BFAF29C197A6BF60040580C /* MailClient */;
			targetProxy = 4BFAF2B4197A6BF70040580C /* PBXContainerItemProxy */;
		};
/* End PBXTargetDependency section */

/* Begin PBXVariantGroup section */
		4BFAF2AA197A6BF60040580C /* Main.storyboard */ = {
			isa = PBXVariantGroup;
			children = (
				4BFAF2AB197A6BF60040580C /* Base */,
			);
			name = Main.storyboard;
			sourceTree = "<group>";
		};
/* End PBXVariantGroup section */

/* Begin XCBuildConfiguration section */
		4BFAF2BB197A6BF70040580C /* Debug */ = {
			isa = XCBuildConfiguration;
			buildSettings = {
				ALWAYS_SEARCH_USER_PATHS = NO;
				CLANG_CXX_LANGUAGE_STANDARD = "gnu++0x";
				CLANG_CXX_LIBRARY = "libc++";
				CLANG_ENABLE_MODULES = YES;
				CLANG_ENABLE_OBJC_ARC = YES;
				CLANG_WARN_BOOL_CONVERSION = YES;
				CLANG_WARN_CONSTANT_CONVERSION = YES;
				CLANG_WARN_DIRECT_OBJC_ISA_USAGE = YES_ERROR;
				CLANG_WARN_EMPTY_BODY = YES;
				CLANG_WARN_ENUM_CONVERSION = YES;
				CLANG_WARN_INT_CONVERSION = YES;
				CLANG_WARN_OBJC_ROOT_CLASS = YES_ERROR;
				CLANG_WARN_UNREACHABLE_CODE = YES;
				CLANG_WARN__DUPLICATE_METHOD_MATCH = YES;
				"CODE_SIGN_IDENTITY[sdk=iphoneos*]" = "iPhone Developer";
				COPY_PHASE_STRIP = NO;
				ENABLE_STRICT_OBJC_MSGSEND = YES;
				GCC_C_LANGUAGE_STANDARD = gnu99;
				GCC_DYNAMIC_NO_PIC = NO;
				GCC_OPTIMIZATION_LEVEL = 0;
				GCC_PREPROCESSOR_DEFINITIONS = (
					"DEBUG=1",
					"$(inherited)",
				);
				GCC_SYMBOLS_PRIVATE_EXTERN = NO;
				GCC_WARN_64_TO_32_BIT_CONVERSION = YES;
				GCC_WARN_ABOUT_RETURN_TYPE = YES_ERROR;
				GCC_WARN_UNDECLARED_SELECTOR = YES;
				GCC_WARN_UNINITIALIZED_AUTOS = YES_AGGRESSIVE;
				GCC_WARN_UNUSED_FUNCTION = YES;
				GCC_WARN_UNUSED_VARIABLE = YES;
				IPHONEOS_DEPLOYMENT_TARGET = 8.0;
				MTL_ENABLE_DEBUG_INFO = YES;
				ONLY_ACTIVE_ARCH = YES;
				SDKROOT = iphoneos;
			};
			name = Debug;
		};
		4BFAF2BC197A6BF70040580C /* Release */ = {
			isa = XCBuildConfiguration;
			buildSettings = {
				ALWAYS_SEARCH_USER_PATHS = NO;
				CLANG_CXX_LANGUAGE_STANDARD = "gnu++0x";
				CLANG_CXX_LIBRARY = "libc++";
				CLANG_ENABLE_MODULES = YES;
				CLANG_ENABLE_OBJC_ARC = YES;
				CLANG_WARN_BOOL_CONVERSION = YES;
				CLANG_WARN_CONSTANT_CONVERSION = YES;
				CLANG_WARN_DIRECT_OBJC_ISA_USAGE = YES_ERROR;
				CLANG_WARN_EMPTY_BODY = YES;
				CLANG_WARN_ENUM_CONVERSION = YES;
				CLANG_WARN_INT_CONVERSION = YES;
				CLANG_WARN_OBJC_ROOT_CLASS = YES_ERROR;
				CLANG_WARN_UNREACHABLE_CODE = YES;
				CLANG_WARN__DUPLICATE_METHOD_MATCH = YES;
				"CODE_SIGN_IDENTITY[sdk=iphoneos*]" = "iPhone Developer";
				COPY_PHASE_STRIP = YES;
				ENABLE_NS_ASSERTIONS = NO;
				ENABLE_STRICT_OBJC_MSGSEND = YES;
				GCC_C_LANGUAGE_STANDARD = gnu99;
				GCC_WARN_64_TO_32_BIT_CONVERSION = YES;
				GCC_WARN_ABOUT_RETURN_TYPE = YES_ERROR;
				GCC_WARN_UNDECLARED_SELECTOR = YES;
				GCC_WARN_UNINITIALIZED_AUTOS = YES_AGGRESSIVE;
				GCC_WARN_UNUSED_FUNCTION = YES;
				GCC_WARN_UNUSED_VARIABLE = YES;
				IPHONEOS_DEPLOYMENT_TARGET = 8.0;
				MTL_ENABLE_DEBUG_INFO = NO;
				SDKROOT = iphoneos;
				VALIDATE_PRODUCT = YES;
			};
			name = Release;
		};
		4BFAF2BE197A6BF70040580C /* Debug */ = {
			isa = XCBuildConfiguration;
			baseConfigurationReference = 141879C9C690434EA1154F5D /* Pods.xcconfig */;
			buildSettings = {
				ASSETCATALOG_COMPILER_APPICON_NAME = AppIcon;
				ASSETCATALOG_COMPILER_LAUNCHIMAGE_NAME = LaunchImage;
				CODE_SIGN_ENTITLEMENTS = MailClient/MailClient.entitlements;
				CODE_SIGN_IDENTITY = "iPhone Developer";
				"CODE_SIGN_IDENTITY[sdk=iphoneos*]" = "iPhone Developer";
				GCC_PREFIX_HEADER = "$(SRCROOT)/MailClient/MailClient.pch";
				INFOPLIST_FILE = MailClient/Info.plist;
				IPHONEOS_DEPLOYMENT_TARGET = 8.0;
				LD_RUNPATH_SEARCH_PATHS = "$(inherited) @executable_path/Frameworks";
				PRODUCT_NAME = "$(TARGET_NAME)";
				PROVISIONING_PROFILE = "";
			};
			name = Debug;
		};
		4BFAF2BF197A6BF70040580C /* Release */ = {
			isa = XCBuildConfiguration;
			baseConfigurationReference = 141879C9C690434EA1154F5D /* Pods.xcconfig */;
			buildSettings = {
				ASSETCATALOG_COMPILER_APPICON_NAME = AppIcon;
				ASSETCATALOG_COMPILER_LAUNCHIMAGE_NAME = LaunchImage;
				CODE_SIGN_ENTITLEMENTS = MailClient/MailClient.entitlements;
				CODE_SIGN_IDENTITY = "iPhone Developer";
				"CODE_SIGN_IDENTITY[sdk=iphoneos*]" = "iPhone Developer";
				GCC_PREFIX_HEADER = "$(SRCROOT)/MailClient/MailClient.pch";
				INFOPLIST_FILE = MailClient/Info.plist;
				IPHONEOS_DEPLOYMENT_TARGET = 8.0;
				LD_RUNPATH_SEARCH_PATHS = "$(inherited) @executable_path/Frameworks";
				PRODUCT_NAME = "$(TARGET_NAME)";
				PROVISIONING_PROFILE = "";
			};
			name = Release;
		};
		4BFAF2C1197A6BF70040580C /* Debug */ = {
			isa = XCBuildConfiguration;
			buildSettings = {
				BUNDLE_LOADER = "$(BUILT_PRODUCTS_DIR)/MailClient.app/MailClient";
				FRAMEWORK_SEARCH_PATHS = (
					"$(SDKROOT)/Developer/Library/Frameworks",
					"$(inherited)",
				);
				GCC_PREPROCESSOR_DEFINITIONS = (
					"DEBUG=1",
					"$(inherited)",
				);
				INFOPLIST_FILE = MailClientTests/Info.plist;
				LD_RUNPATH_SEARCH_PATHS = "$(inherited) @executable_path/Frameworks @loader_path/Frameworks";
				PRODUCT_NAME = "$(TARGET_NAME)";
				TEST_HOST = "$(BUNDLE_LOADER)";
			};
			name = Debug;
		};
		4BFAF2C2197A6BF70040580C /* Release */ = {
			isa = XCBuildConfiguration;
			buildSettings = {
				BUNDLE_LOADER = "$(BUILT_PRODUCTS_DIR)/MailClient.app/MailClient";
				FRAMEWORK_SEARCH_PATHS = (
					"$(SDKROOT)/Developer/Library/Frameworks",
					"$(inherited)",
				);
				INFOPLIST_FILE = MailClientTests/Info.plist;
				LD_RUNPATH_SEARCH_PATHS = "$(inherited) @executable_path/Frameworks @loader_path/Frameworks";
				PRODUCT_NAME = "$(TARGET_NAME)";
				TEST_HOST = "$(BUNDLE_LOADER)";
			};
			name = Release;
		};
/* End XCBuildConfiguration section */

/* Begin XCConfigurationList section */
		4BFAF298197A6BF60040580C /* Build configuration list for PBXProject "MailClient" */ = {
			isa = XCConfigurationList;
			buildConfigurations = (
				4BFAF2BB197A6BF70040580C /* Debug */,
				4BFAF2BC197A6BF70040580C /* Release */,
			);
			defaultConfigurationIsVisible = 0;
			defaultConfigurationName = Release;
		};
		4BFAF2BD197A6BF70040580C /* Build configuration list for PBXNativeTarget "MailClient" */ = {
			isa = XCConfigurationList;
			buildConfigurations = (
				4BFAF2BE197A6BF70040580C /* Debug */,
				4BFAF2BF197A6BF70040580C /* Release */,
			);
			defaultConfigurationIsVisible = 0;
			defaultConfigurationName = Release;
		};
		4BFAF2C0197A6BF70040580C /* Build configuration list for PBXNativeTarget "MailClientTests" */ = {
			isa = XCConfigurationList;
			buildConfigurations = (
				4BFAF2C1197A6BF70040580C /* Debug */,
				4BFAF2C2197A6BF70040580C /* Release */,
			);
			defaultConfigurationIsVisible = 0;
			defaultConfigurationName = Release;
		};
/* End XCConfigurationList section */
	};
	rootObject = 4BFAF295197A6BF60040580C /* Project object */;
}
